
Microsoft Visual Studio Solution File, Format Version 12.00
# Visual Studio 14
VisualStudioVersion = 14.0.25123.0
MinimumVisualStudioVersion = 10.0.40219.1
Project("{B6C317CD-E7BA-4678-A2E6-283C6C7C10A1}") = "Sitecore.Support.199641", "Sitecore.Support.199641\Sitecore.Support.199641.csproj", "{488C8F58-DB10-4AD1-8903-70EE3678073F}"
EndProject
Global
	GlobalSection(SolutionConfigurationPlatforms) = preSolution
		Debug|Any CPU = Debug|Any CPU
		Release|Any CPU = Release|Any CPU
	EndGlobalSection
	GlobalSection(ProjectConfigurationPlatforms) = postSolution
		{488C8F58-DB10-4AD1-8903-70EE3678073F}.Debug|Any CPU.ActiveCfg = Debug|Any CPU
		{488C8F58-DB10-4AD1-8903-70EE3678073F}.Debug|Any CPU.Build.0 = Debug|Any CPU
		{488C8F58-DB10-4AD1-8903-70EE3678073F}.Release|Any CPU.ActiveCfg = Release|Any CPU
		{488C8F58-DB10-4AD1-8903-70EE3678073F}.Release|Any CPU.Build.0 = Release|Any CPU
	EndGlobalSection
	GlobalSection(SolutionProperties) = preSolution
		HideSolutionNode = FALSE
	EndGlobalSection
EndGlobal
